# @generated by Move, please check-in and do not edit manually.

[move]
version = 1
manifest_digest = "E9EE5D988E834A45F09CE8292286658665E52A4649AFC99CA6DE74C36ECD9AC4"
deps_digest = "F8BBB0CCB2491CA29A3DF03D6F92277A4F3574266507ACD77214D37ECA3F3082"
dependencies = [
  { name = "Sui" },
]

[[move.package]]
name = "MoveStdlib"
source = { git = "https://github.com/MystenLabs/sui.git", rev = "framework/devnet", subdir = "crates/sui-framework/packages/move-stdlib" }

[[move.package]]
name = "Sui"
source = { git = "https://github.com/MystenLabs/sui.git", rev = "framework/devnet", subdir = "crates/sui-framework/packages/sui-framework" }

dependencies = [
  { name = "MoveStdlib" },
]

[move.toolchain-version]
compiler-version = "1.30.3"
edition = "2024.alpha"
flavor = "sui"

[env]

[env.devnet]
chain-id = "8261fb77"
original-published-id = "0x366ff5e480e39086af2326332c5c4d86d6e5514640658fc7eafa91800c23760e"
latest-published-id = "0x366ff5e480e39086af2326332c5c4d86d6e5514640658fc7eafa91800c23760e"
published-version = "1"
