# @generated by Move, please check-in and do not edit manually.

[move]
version = 1
manifest_digest = "0D0A421E07BDB6A3592571FE4C37F85806758DDD672495ABAE11734C6B7D476C"
deps_digest = "F8BBB0CCB2491CA29A3DF03D6F92277A4F3574266507ACD77214D37ECA3F3082"
dependencies = [
  { name = "Sui" },
]

[[move.package]]
name = "MoveStdlib"
source = { git = "https://github.com/MystenLabs/sui.git", rev = "framework/mainnet", subdir = "crates/sui-framework/packages/move-stdlib" }

[[move.package]]
name = "Sui"
source = { git = "https://github.com/MystenLabs/sui.git", rev = "framework/mainnet", subdir = "crates/sui-framework/packages/sui-framework" }

dependencies = [
  { name = "MoveStdlib" },
]

[move.toolchain-version]
compiler-version = "1.30.3"
edition = "2024.alpha"
flavor = "sui"

[env]

[env.devnet]
chain-id = "3ec346ee"
original-published-id = "0xe2a2f480b982f8320ae4dccacf06e6801f194d7f27ea5b5635e941e2b9700ddc"
latest-published-id = "0xe2a2f480b982f8320ae4dccacf06e6801f194d7f27ea5b5635e941e2b9700ddc"
published-version = "1"
