# @generated by Move, please check-in and do not edit manually.

[move]
version = 1
manifest_digest = "1A8DA046E0B7C19723A23F1C89DABD8A91C3F4BBCB1B8F140277B45A81479FBF"
deps_digest = "F8BBB0CCB2491CA29A3DF03D6F92277A4F3574266507ACD77214D37ECA3F3082"
dependencies = [
  { name = "Sui" },
]

[[move.package]]
name = "MoveStdlib"
source = { git = "https://github.com/MystenLabs/sui.git", rev = "framework/devnet", subdir = "crates/sui-framework/packages/move-stdlib" }

[[move.package]]
name = "Sui"
source = { git = "https://github.com/MystenLabs/sui.git", rev = "framework/devnet", subdir = "crates/sui-framework/packages/sui-framework" }

dependencies = [
  { name = "MoveStdlib" },
]

[move.toolchain-version]
compiler-version = "1.30.3"
edition = "2024.alpha"
flavor = "sui"

[env]

[env.devnet]
chain-id = "8261fb77"
original-published-id = "0xc3cb5b99d2ab7f36de622e906aee2ca8b88ba7a57127a8ec0d245a1eceacf61e"
latest-published-id = "0xc3cb5b99d2ab7f36de622e906aee2ca8b88ba7a57127a8ec0d245a1eceacf61e"
published-version = "1"
